// !$*UTF8*$!
{
	archiveVersion = 1;
	classes = {
	};
	objectVersion = 46;
	objects = {

/* Begin PBXBuildFile section */
		A9F1347A1A9A9CE0006AAE07 /* AppDelegate.swift in Sources */ = {isa = PBXBuildFile; fileRef = A9F134791A9A9CE0006AAE07 /* AppDelegate.swift */; };
		A9F1347C1A9A9CE0006AAE07 /* ViewController.swift in Sources */ = {isa = PBXBuildFile; fileRef = A9F1347B1A9A9CE0006AAE07 /* ViewController.swift */; };
		A9F1347F1A9A9CE0006AAE07 /* Main.storyboard in Resources */ = {isa = PBXBuildFile; fileRef = A9F1347D1A9A9CE0006AAE07 /* Main.storyboard */; };
		A9F134811A9A9CE0006AAE07 /* Images.xcassets in Resources */ = {isa = PBXBuildFile; fileRef = A9F134801A9A9CE0006AAE07 /* Images.xcassets */; };
		A9F134841A9A9CE0006AAE07 /* LaunchScreen.xib in Resources */ = {isa = PBXBuildFile; fileRef = A9F134821A9A9CE0006AAE07 /* LaunchScreen.xib */; };
		A9F134901A9A9CE1006AAE07 /* ProgrammableViewsTests.swift in Sources */ = {isa = PBXBuildFile; fileRef = A9F1348F1A9A9CE1006AAE07 /* ProgrammableViewsTests.swift */; };
/* End PBXBuildFile section */

/* Begin PBXContainerItemProxy section */
		A9F1348A1A9A9CE1006AAE07 /* PBXContainerItemProxy */ = {
			isa = PBXContainerItemProxy;
			containerPortal = A9F1346C1A9A9CE0006AAE07 /* Project object */;
			proxyType = 1;
			remoteGlobalIDString = A9F134731A9A9CE0006AAE07;
			remoteInfo = ProgrammableViews;
		};
/* End PBXContainerItemProxy section */

/* Begin PBXFileReference section */
		A9F134741A9A9CE0006AAE07 /* ProgrammableViews.app */ = {isa = PBXFileReference; explicitFileType = wrapper.application; includeInIndex = 0; path = ProgrammableViews.app; sourceTree = BUILT_PRODUCTS_DIR; };
		A9F134781A9A9CE0006AAE07 /* Info.plist */ = {isa = PBXFileReference; lastKnownFileType = text.plist.xml; path = Info.plist; sourceTree = "<group>"; };
		A9F134791A9A9CE0006AAE07 /* AppDelegate.swift */ = {isa = PBXFileReference; lastKnownFileType = sourcecode.swift; path = AppDelegate.swift; sourceTree = "<group>"; };
		A9F1347B1A9A9CE0006AAE07 /* ViewController.swift */ = {isa = PBXFileReference; lastKnownFileType = sourcecode.swift; path = ViewController.swift; sourceTree = "<group>"; };
		A9F1347E1A9A9CE0006AAE07 /* Base */ = {isa = PBXFileReference; lastKnownFileType = file.storyboard; name = Base; path = Base.lproj/Main.storyboard; sourceTree = "<group>"; };
		A9F134801A9A9CE0006AAE07 /* Images.xcassets */ = {isa = PBXFileReference; lastKnownFileType = folder.assetcatalog; path = Images.xcassets; sourceTree = "<group>"; };
		A9F134831A9A9CE0006AAE07 /* Base */ = {isa = PBXFileReference; lastKnownFileType = file.xib; name = Base; path = Base.lproj/LaunchScreen.xib; sourceTree = "<group>"; };
		A9F134891A9A9CE1006AAE07 /* ProgrammableViewsTests.xctest */ = {isa = PBXFileReference; explicitFileType = wrapper.cfbundle; includeInIndex = 0; path = ProgrammableViewsTests.xctest; sourceTree = BUILT_PRODUCTS_DIR; };
		A9F1348E1A9A9CE1006AAE07 /* Info.plist */ = {isa = PBXFileReference; lastKnownFileType = text.plist.xml; path = Info.plist; sourceTree = "<group>"; };
		A9F1348F1A9A9CE1006AAE07 /* ProgrammableViewsTests.swift */ = {isa = PBXFileReference; lastKnownFileType = sourcecode.swift; path = ProgrammableViewsTests.swift; sourceTree = "<group>"; };
/* End PBXFileReference section */

/* Begin PBXFrameworksBuildPhase section */
		A9F134711A9A9CE0006AAE07 /* Frameworks */ = {
			isa = PBXFrameworksBuildPhase;
			buildActionMask = 2147483647;
			files = (
			);
			runOnlyForDeploymentPostprocessing = 0;
		};
		A9F134861A9A9CE1006AAE07 /* Frameworks */ = {
			isa = PBXFrameworksBuildPhase;
			buildActionMask = 2147483647;
			files = (
			);
			runOnlyForDeploymentPostprocessing = 0;
		};
/* End PBXFrameworksBuildPhase section */

/* Begin PBXGroup section */
		A9F1346B1A9A9CE0006AAE07 = {
			isa = PBXGroup;
			children = (
				A9F134761A9A9CE0006AAE07 /* ProgrammableViews */,
				A9F1348C1A9A9CE1006AAE07 /* ProgrammableViewsTests */,
				A9F134751A9A9CE0006AAE07 /* Products */,
			);
			sourceTree = "<group>";
		};
		A9F134751A9A9CE0006AAE07 /* Products */ = {
			isa = PBXGroup;
			children = (
				A9F134741A9A9CE0006AAE07 /* ProgrammableViews.app */,
				A9F134891A9A9CE1006AAE07 /* ProgrammableViewsTests.xctest */,
			);
			name = Products;
			sourceTree = "<group>";
		};
		A9F134761A9A9CE0006AAE07 /* ProgrammableViews */ = {
			isa = PBXGroup;
			children = (
				A9F134791A9A9CE0006AAE07 /* AppDelegate.swift */,
				A9F1347B1A9A9CE0006AAE07 /* ViewController.swift */,
				A9F1347D1A9A9CE0006AAE07 /* Main.storyboard */,
				A9F134801A9A9CE0006AAE07 /* Images.xcassets */,
				A9F134821A9A9CE0006AAE07 /* LaunchScreen.xib */,
				A9F134771A9A9CE0006AAE07 /* Supporting Files */,
			);
			path = ProgrammableViews;
			sourceTree = "<group>";
		};
		A9F134771A9A9CE0006AAE07 /* Supporting Files */ = {
			isa = PBXGroup;
			children = (
				A9F134781A9A9CE0006AAE07 /* Info.plist */,
			);
			name = "Supporting Files";
			sourceTree = "<group>";
		};
		A9F1348C1A9A9CE1006AAE07 /* ProgrammableViewsTests */ = {
			isa = PBXGroup;
			children = (
				A9F1348F1A9A9CE1006AAE07 /* ProgrammableViewsTests.swift */,
				A9F1348D1A9A9CE1006AAE07 /* Supporting Files */,
			);
			path = ProgrammableViewsTests;
			sourceTree = "<group>";
		};
		A9F1348D1A9A9CE1006AAE07 /* Supporting Files */ = {
			isa = PBXGroup;
			children = (
				A9F1348E1A9A9CE1006AAE07 /* Info.plist */,
			);
			name = "Supporting Files";
			sourceTree = "<group>";
		};
/* End PBXGroup section */

/* Begin PBXNativeTarget section */
		A9F134731A9A9CE0006AAE07 /* ProgrammableViews */ = {
			isa = PBXNativeTarget;
			buildConfigurationList = A9F134931A9A9CE1006AAE07 /* Build configuration list for PBXNativeTarget "ProgrammableViews" */;
			buildPhases = (
				A9F134701A9A9CE0006AAE07 /* Sources */,
				A9F134711A9A9CE0006AAE07 /* Frameworks */,
				A9F134721A9A9CE0006AAE07 /* Resources */,
			);
			buildRules = (
			);
			dependencies = (
			);
			name = ProgrammableViews;
			productName = ProgrammableViews;
			productReference = A9F134741A9A9CE0006AAE07 /* ProgrammableViews.app */;
			productType = "com.apple.product-type.application";
		};
		A9F134881A9A9CE1006AAE07 /* ProgrammableViewsTests */ = {
			isa = PBXNativeTarget;
			buildConfigurationList = A9F134961A9A9CE1006AAE07 /* Build configuration list for PBXNativeTarget "ProgrammableViewsTests" */;
			buildPhases = (
				A9F134851A9A9CE1006AAE07 /* Sources */,
				A9F134861A9A9CE1006AAE07 /* Frameworks */,
				A9F134871A9A9CE1006AAE07 /* Resources */,
			);
			buildRules = (
			);
			dependencies = (
				A9F1348B1A9A9CE1006AAE07 /* PBXTargetDependency */,
			);
			name = ProgrammableViewsTests;
			productName = ProgrammableViewsTests;
			productReference = A9F134891A9A9CE1006AAE07 /* ProgrammableViewsTests.xctest */;
			productType = "com.apple.product-type.bundle.unit-test";
		};
/* End PBXNativeTarget section */

/* Begin PBXProject section */
		A9F1346C1A9A9CE0006AAE07 /* Project object */ = {
			isa = PBXProject;
			attributes = {
				LastUpgradeCheck = 0610;
				ORGANIZATIONNAME = "3e Interactive";
				TargetAttributes = {
					A9F134731A9A9CE0006AAE07 = {
						CreatedOnToolsVersion = 6.1.1;
					};
					A9F134881A9A9CE1006AAE07 = {
						CreatedOnToolsVersion = 6.1.1;
						TestTargetID = A9F134731A9A9CE0006AAE07;
					};
				};
			};
			buildConfigurationList = A9F1346F1A9A9CE0006AAE07 /* Build configuration list for PBXProject "ProgrammableViews" */;
			compatibilityVersion = "Xcode 3.2";
			developmentRegion = English;
			hasScannedForEncodings = 0;
			knownRegions = (
				en,
				Base,
			);
			mainGroup = A9F1346B1A9A9CE0006AAE07;
			productRefGroup = A9F134751A9A9CE0006AAE07 /* Products */;
			projectDirPath = "";
			projectRoot = "";
			targets = (
				A9F134731A9A9CE0006AAE07 /* ProgrammableViews */,
				A9F134881A9A9CE1006AAE07 /* ProgrammableViewsTests */,
			);
		};
/* End PBXProject section */

/* Begin PBXResourcesBuildPhase section */
		A9F134721A9A9CE0006AAE07 /* Resources */ = {
			isa = PBXResourcesBuildPhase;
			buildActionMask = 2147483647;
			files = (
				A9F1347F1A9A9CE0006AAE07 /* Main.storyboard in Resources */,
				A9F134841A9A9CE0006AAE07 /* LaunchScreen.xib in Resources */,
				A9F134811A9A9CE0006AAE07 /* Images.xcassets in Resources */,
			);
			runOnlyForDeploymentPostprocessing = 0;
		};
		A9F134871A9A9CE1006AAE07 /* Resources */ = {
			isa = PBXResourcesBuildPhase;
			buildActionMask = 2147483647;
			files = (
			);
			runOnlyForDeploymentPostprocessing = 0;
		};
/* End PBXResourcesBuildPhase section */

/* Begin PBXSourcesBuildPhase section */
		A9F134701A9A9CE0006AAE07 /* Sources */ = {
			isa = PBXSourcesBuildPhase;
			buildActionMask = 2147483647;
			files = (
				A9F1347C1A9A9CE0006AAE07 /* ViewController.swift in Sources */,
				A9F1347A1A9A9CE0006AAE07 /* AppDelegate.swift in Sources */,
			);
			runOnlyForDeploymentPostprocessing = 0;
		};
		A9F134851A9A9CE1006AAE07 /* Sources */ = {
			isa = PBXSourcesBuildPhase;
			buildActionMask = 2147483647;
			files = (
				A9F134901A9A9CE1006AAE07 /* ProgrammableViewsTests.swift in Sources */,
			);
			runOnlyForDeploymentPostprocessing = 0;
		};
/* End PBXSourcesBuildPhase section */

/* Begin PBXTargetDependency section */
		A9F1348B1A9A9CE1006AAE07 /* PBXTargetDependency */ = {
			isa = PBXTargetDependency;
			target = A9F134731A9A9CE0006AAE07 /* ProgrammableViews */;
			targetProxy = A9F1348A1A9A9CE1006AAE07 /* PBXContainerItemProxy */;
		};
/* End PBXTargetDependency section */

/* Begin PBXVariantGroup section */
		A9F1347D1A9A9CE0006AAE07 /* Main.storyboard */ = {
			isa = PBXVariantGroup;
			children = (
				A9F1347E1A9A9CE0006AAE07 /* Base */,
			);
			name = Main.storyboard;
			sourceTree = "<group>";
		};
		A9F134821A9A9CE0006AAE07 /* LaunchScreen.xib */ = {
			isa = PBXVariantGroup;
			children = (
				A9F134831A9A9CE0006AAE07 /* Base */,
			);
			name = LaunchScreen.xib;
			sourceTree = "<group>";
		};
/* End PBXVariantGroup section */

/* Begin XCBuildConfiguration section */
		A9F134911A9A9CE1006AAE07 /* Debug */ = {
			isa = XCBuildConfiguration;
			buildSettings = {
				ALWAYS_SEARCH_USER_PATHS = NO;
				CLANG_CXX_LANGUAGE_STANDARD = "gnu++0x";
				CLANG_CXX_LIBRARY = "libc++";
				CLANG_ENABLE_MODULES = YES;
				CLANG_ENABLE_OBJC_ARC = YES;
				CLANG_WARN_BOOL_CONVERSION = YES;
				CLANG_WARN_CONSTANT_CONVERSION = YES;
				CLANG_WARN_DIRECT_OBJC_ISA_USAGE = YES_ERROR;
				CLANG_WARN_EMPTY_BODY = YES;
				CLANG_WARN_ENUM_CONVERSION = YES;
				CLANG_WARN_INT_CONVERSION = YES;
				CLANG_WARN_OBJC_ROOT_CLASS = YES_ERROR;
				CLANG_WARN_UNREACHABLE_CODE = YES;
				CLANG_WARN__DUPLICATE_METHOD_MATCH = YES;
				"CODE_SIGN_IDENTITY[sdk=iphoneos*]" = "iPhone Developer";
				COPY_PHASE_STRIP = NO;
				ENABLE_STRICT_OBJC_MSGSEND = YES;
				GCC_C_LANGUAGE_STANDARD = gnu99;
				GCC_DYNAMIC_NO_PIC = NO;
				GCC_OPTIMIZATION_LEVEL = 0;
				GCC_PREPROCESSOR_DEFINITIONS = (
					"DEBUG=1",
					"$(inherited)",
				);
				GCC_SYMBOLS_PRIVATE_EXTERN = NO;
				GCC_WARN_64_TO_32_BIT_CONVERSION = YES;
				GCC_WARN_ABOUT_RETURN_TYPE = YES_ERROR;
				GCC_WARN_UNDECLARED_SELECTOR = YES;
				GCC_WARN_UNINITIALIZED_AUTOS = YES_AGGRESSIVE;
				GCC_WARN_UNUSED_FUNCTION = YES;
				GCC_WARN_UNUSED_VARIABLE = YES;
				IPHONEOS_DEPLOYMENT_TARGET = 8.1;
				MTL_ENABLE_DEBUG_INFO = YES;
				ONLY_ACTIVE_ARCH = YES;
				SDKROOT = iphoneos;
				SWIFT_OPTIMIZATION_LEVEL = "-Onone";
			};
			name = Debug;
		};
		A9F134921A9A9CE1006AAE07 /* Release */ = {
			isa = XCBuildConfiguration;
			buildSettings = {
				ALWAYS_SEARCH_USER_PATHS = NO;
				CLANG_CXX_LANGUAGE_STANDARD = "gnu++0x";
				CLANG_CXX_LIBRARY = "libc++";
				CLANG_ENABLE_MODULES = YES;
				CLANG_ENABLE_OBJC_ARC = YES;
				CLANG_WARN_BOOL_CONVERSION = YES;
				CLANG_WARN_CONSTANT_CONVERSION = YES;
				CLANG_WARN_DIRECT_OBJC_ISA_USAGE = YES_ERROR;
				CLANG_WARN_EMPTY_BODY = YES;
				CLANG_WARN_ENUM_CONVERSION = YES;
				CLANG_WARN_INT_CONVERSION = YES;
				CLANG_WARN_OBJC_ROOT_CLASS = YES_ERROR;
				CLANG_WARN_UNREACHABLE_CODE = YES;
				CLANG_WARN__DUPLICATE_METHOD_MATCH = YES;
				"CODE_SIGN_IDENTITY[sdk=iphoneos*]" = "iPhone Developer";
				COPY_PHASE_STRIP = YES;
				ENABLE_NS_ASSERTIONS = NO;
				ENABLE_STRICT_OBJC_MSGSEND = YES;
				GCC_C_LANGUAGE_STANDARD = gnu99;
				GCC_WARN_64_TO_32_BIT_CONVERSION = YES;
				GCC_WARN_ABOUT_RETURN_TYPE = YES_ERROR;
				GCC_WARN_UNDECLARED_SELECTOR = YES;
				GCC_WARN_UNINITIALIZED_AUTOS = YES_AGGRESSIVE;
				GCC_WARN_UNUSED_FUNCTION = YES;
				GCC_WARN_UNUSED_VARIABLE = YES;
				IPHONEOS_DEPLOYMENT_TARGET = 8.1;
				MTL_ENABLE_DEBUG_INFO = NO;
				SDKROOT = iphoneos;
				VALIDATE_PRODUCT = YES;
			};
			name = Release;
		};
		A9F134941A9A9CE1006AAE07 /* Debug */ = {
			isa = XCBuildConfiguration;
			buildSettings = {
				ASSETCATALOG_COMPILER_APPICON_NAME = AppIcon;
				INFOPLIST_FILE = ProgrammableViews/Info.plist;
				LD_RUNPATH_SEARCH_PATHS = "$(inherited) @executable_path/Frameworks";
				PRODUCT_NAME = "$(TARGET_NAME)";
			};
			name = Debug;
		};
		A9F134951A9A9CE1006AAE07 /* Release */ = {
			isa = XCBuildConfiguration;
			buildSettings = {
				ASSETCATALOG_COMPILER_APPICON_NAME = AppIcon;
				INFOPLIST_FILE = ProgrammableViews/Info.plist;
				LD_RUNPATH_SEARCH_PATHS = "$(inherited) @executable_path/Frameworks";
				PRODUCT_NAME = "$(TARGET_NAME)";
			};
			name = Release;
		};
		A9F134971A9A9CE1006AAE07 /* Debug */ = {
			isa = XCBuildConfiguration;
			buildSettings = {
				BUNDLE_LOADER = "$(TEST_HOST)";
				FRAMEWORK_SEARCH_PATHS = (
					"$(SDKROOT)/Developer/Library/Frameworks",
					"$(inherited)",
				);
				GCC_PREPROCESSOR_DEFINITIONS = (
					"DEBUG=1",
					"$(inherited)",
				);
				INFOPLIST_FILE = ProgrammableViewsTests/Info.plist;
				LD_RUNPATH_SEARCH_PATHS = "$(inherited) @executable_path/Frameworks @loader_path/Frameworks";
				PRODUCT_NAME = "$(TARGET_NAME)";
				TEST_HOST = "$(BUILT_PRODUCTS_DIR)/ProgrammableViews.app/ProgrammableViews";
			};
			name = Debug;
		};
		A9F134981A9A9CE1006AAE07 /* Release */ = {
			isa = XCBuildConfiguration;
			buildSettings = {
				BUNDLE_LOADER = "$(TEST_HOST)";
				FRAMEWORK_SEARCH_PATHS = (
					"$(SDKROOT)/Developer/Library/Frameworks",
					"$(inherited)",
				);
				INFOPLIST_FILE = ProgrammableViewsTests/Info.plist;
				LD_RUNPATH_SEARCH_PATHS = "$(inherited) @executable_path/Frameworks @loader_path/Frameworks";
				PRODUCT_NAME = "$(TARGET_NAME)";
				TEST_HOST = "$(BUILT_PRODUCTS_DIR)/ProgrammableViews.app/ProgrammableViews";
			};
			name = Release;
		};
/* End XCBuildConfiguration section */

/* Begin XCConfigurationList section */
		A9F1346F1A9A9CE0006AAE07 /* Build configuration list for PBXProject "ProgrammableViews" */ = {
			isa = XCConfigurationList;
			buildConfigurations = (
				A9F134911A9A9CE1006AAE07 /* Debug */,
				A9F134921A9A9CE1006AAE07 /* Release */,
			);
			defaultConfigurationIsVisible = 0;
			defaultConfigurationName = Release;
		};
		A9F134931A9A9CE1006AAE07 /* Build configuration list for PBXNativeTarget "ProgrammableViews" */ = {
			isa = XCConfigurationList;
			buildConfigurations = (
				A9F134941A9A9CE1006AAE07 /* Debug */,
				A9F134951A9A9CE1006AAE07 /* Release */,
			);
			defaultConfigurationIsVisible = 0;
		};
		A9F134961A9A9CE1006AAE07 /* Build configuration list for PBXNativeTarget "ProgrammableViewsTests" */ = {
			isa = XCConfigurationList;
			buildConfigurations = (
				A9F134971A9A9CE1006AAE07 /* Debug */,
				A9F134981A9A9CE1006AAE07 /* Release */,
			);
			defaultConfigurationIsVisible = 0;
		};
/* End XCConfigurationList section */
	};
	rootObject = A9F1346C1A9A9CE0006AAE07 /* Project object */;
}
